
Microsoft Visual Studio Solution File, Format Version 12.00
# Visual Studio Version 16
VisualStudioVersion = 16.0.30114.105
MinimumVisualStudioVersion = 10.0.40219.1
Project("{9A19103F-16F7-4668-BE54-9A1E7A4F7556}") = "API_ProAgroSeguros", "API_ProAgroSeguros\API_ProAgroSeguros.csproj", "{31440410-934D-4CDF-9499-B0CAAADB688E}"
EndProject
Project("{9A19103F-16F7-4668-BE54-9A1E7A4F7556}") = "Web_ProAgroSeguros", "Web_ProAgroSeguros\Web_ProAgroSeguros.csproj", "{FF1FF719-C2B6-464D-B20E-46037B254A5B}"
EndProject
Global
	GlobalSection(SolutionConfigurationPlatforms) = preSolution
		Debug|Any CPU = Debug|Any CPU
		Release|Any CPU = Release|Any CPU
	EndGlobalSection
	GlobalSection(ProjectConfigurationPlatforms) = postSolution
		{31440410-934D-4CDF-9499-B0CAAADB688E}.Debug|Any CPU.ActiveCfg = Debug|Any CPU
		{31440410-934D-4CDF-9499-B0CAAADB688E}.Debug|Any CPU.Build.0 = Debug|Any CPU
		{31440410-934D-4CDF-9499-B0CAAADB688E}.Release|Any CPU.ActiveCfg = Release|Any CPU
		{31440410-934D-4CDF-9499-B0CAAADB688E}.Release|Any CPU.Build.0 = Release|Any CPU
		{FF1FF719-C2B6-464D-B20E-46037B254A5B}.Debug|Any CPU.ActiveCfg = Debug|Any CPU
		{FF1FF719-C2B6-464D-B20E-46037B254A5B}.Debug|Any CPU.Build.0 = Debug|Any CPU
		{FF1FF719-C2B6-464D-B20E-46037B254A5B}.Release|Any CPU.ActiveCfg = Release|Any CPU
		{FF1FF719-C2B6-464D-B20E-46037B254A5B}.Release|Any CPU.Build.0 = Release|Any CPU
	EndGlobalSection
	GlobalSection(SolutionProperties) = preSolution
		HideSolutionNode = FALSE
	EndGlobalSection
	GlobalSection(ExtensibilityGlobals) = postSolution
		SolutionGuid = {9384B682-1EF7-4493-B86F-0EF40D9E9791}
	EndGlobalSection
EndGlobal
